{
  "nodes": {
    "doom-emacs": {
      "flake": false,
      "locked": {
        "lastModified": 1623114989,
        "narHash": "sha256-btRwMu76Gnn9lW7YbzDAgWjlJx61tCT+e3kByNx97aw=",
        "owner": "hlissner",
        "repo": "doom-emacs",
        "rev": "2731685095d1e6101b3215aa689426e1834ce00f",
        "type": "github"
      },
      "original": {
        "owner": "hlissner",
        "repo": "doom-emacs",
        "type": "github"
      }
    },
    "fish-foreign-env": {
      "flake": false,
      "locked": {
        "lastModified": 1547655379,
        "narHash": "sha256-er1KI2xSUtTlQd9jZl1AjqeArrfBxrgBLcw5OqinuAM=",
        "owner": "oh-my-fish",
        "repo": "plugin-foreign-env",
        "rev": "dddd9213272a0ab848d474d0cbde12ad034e65bc",
        "type": "github"
      },
      "original": {
        "owner": "oh-my-fish",
        "repo": "plugin-foreign-env",
        "type": "github"
      }
    },
    "home-manager": {
      "inputs": {
        "nixpkgs": [
          "nixpkgs"
        ]
      },
      "locked": {
        "lastModified": 1624228557,
        "narHash": "sha256-wwOqe73BsrXfRv1PhyXQFNC8iTET50KvE/HitdkRgxs=",
        "owner": "nix-community",
        "repo": "home-manager",
        "rev": "35a24648d155843a4d162de98c17b1afd5db51e4",
        "type": "github"
      },
      "original": {
        "owner": "nix-community",
        "ref": "release-21.05",
        "repo": "home-manager",
        "type": "github"
      }
    },
    "nixpkgs": {
      "locked": {
        "lastModified": 1624656607,
        "narHash": "sha256-jWVM6RP8WdRV1l0Z36hA/y6kl9BmasYVa9TpKkjRMLI=",
        "owner": "nixos",
        "repo": "nixpkgs",
        "rev": "b72bde7c4a1f9c9bf1a161f0c267186ce3c6483c",
        "type": "github"
      },
      "original": {
        "owner": "nixos",
        "ref": "nixos-21.05",
        "repo": "nixpkgs",
        "type": "github"
      }
    },
    "nixpkgs-master": {
      "locked": {
        "lastModified": 1624813196,
        "narHash": "sha256-RYnm4QwalGfO/ViE1kQm2ds85HgvZPfoKL673/yHLMY=",
        "owner": "nixos",
        "repo": "nixpkgs",
        "rev": "41dc4bc97ff3ecb96b0d710a0ae8ca245e76df96",
        "type": "github"
      },
      "original": {
        "owner": "nixos",
        "ref": "master",
        "repo": "nixpkgs",
        "type": "github"
      }
    },
    "nixpkgs-pkgs-unstable": {
      "locked": {
        "lastModified": 1624668028,
        "narHash": "sha256-FUxvXMBPQ5jrGhS47jwBFZQte0yDkMCBI5M24mJi5X0=",
        "owner": "nixos",
        "repo": "nixpkgs",
        "rev": "e85975942742a3728226ac22a3415f2355bfc897",
        "type": "github"
      },
      "original": {
        "owner": "nixos",
        "ref": "nixpkgs-unstable",
        "repo": "nixpkgs",
        "type": "github"
      }
    },
    "nixpkgs-unstable": {
      "locked": {
        "lastModified": 1624626397,
        "narHash": "sha256-+h0ulo5//RqStx6g6MDqD9MzgmBfeZ1VYxwEaSmw/Zs=",
        "owner": "nixos",
        "repo": "nixpkgs",
        "rev": "e1f8852faac7638e88d5e8a5b9ee2a7568685e3f",
        "type": "github"
      },
      "original": {
        "owner": "nixos",
        "ref": "nixos-unstable",
        "repo": "nixpkgs",
        "type": "github"
      }
    },
    "root": {
      "inputs": {
        "doom-emacs": "doom-emacs",
        "fish-foreign-env": "fish-foreign-env",
        "home-manager": "home-manager",
        "nixpkgs": "nixpkgs",
        "nixpkgs-master": "nixpkgs-master",
        "nixpkgs-pkgs-unstable": "nixpkgs-pkgs-unstable",
        "nixpkgs-unstable": "nixpkgs-unstable"
      }
    }
  },
  "root": "root",
  "version": 7
}
